{
  "name": "gen_sites",
  "version": "1.0.0",
  "lockfileVersion": 2,
  "requires": true,
  "packages": {
    "": {
      "name": "gen_sites",
      "version": "1.0.0",
      "license": "ISC",
      "dependencies": {
        "html-entities": "^2.4.0"
      },
      "devDependencies": {
        "@types/node": "^20.5.1"
      }
    },
    "node_modules/@types/node": {
      "version": "20.5.1",
      "resolved": "https://registry.npmjs.org/@types/node/-/node-20.5.1.tgz",
      "integrity": "sha512-4tT2UrL5LBqDwoed9wZ6N3umC4Yhz3W3FloMmiiG4JwmUJWpie0c7lcnUNd4gtMKuDEO4wRVS8B6Xa0uMRsMKg==",
      "dev": true
    },
    "node_modules/html-entities": {
      "version": "2.4.0",
      "resolved": "https://registry.npmjs.org/html-entities/-/html-entities-2.4.0.tgz",
      "integrity": "sha512-igBTJcNNNhvZFRtm8uA6xMY6xYleeDwn3PeBCkDz7tHttv4F2hsDI2aPgNERWzvRcNYHNT3ymRaQzllmXj4YsQ==",
      "funding": [
        {
          "type": "github",
          "url": "https://github.com/sponsors/mdevils"
        },
        {
          "type": "patreon",
          "url": "https://patreon.com/mdevils"
        }
      ]
    }
  },
  "dependencies": {
    "@types/node": {
      "version": "20.5.1",
      "resolved": "https://registry.npmjs.org/@types/node/-/node-20.5.1.tgz",
      "integrity": "sha512-4tT2UrL5LBqDwoed9wZ6N3umC4Yhz3W3FloMmiiG4JwmUJWpie0c7lcnUNd4gtMKuDEO4wRVS8B6Xa0uMRsMKg==",
      "dev": true
    },
    "html-entities": {
      "version": "2.4.0",
      "resolved": "https://registry.npmjs.org/html-entities/-/html-entities-2.4.0.tgz",
      "integrity": "sha512-igBTJcNNNhvZFRtm8uA6xMY6xYleeDwn3PeBCkDz7tHttv4F2hsDI2aPgNERWzvRcNYHNT3ymRaQzllmXj4YsQ=="
    }
  }
}
